// !$*UTF8*$!
{
	archiveVersion = 1;
	classes = {
	};
	objectVersion = 50;
	objects = {

/* Begin PBXBuildFile section */
		F19A9669252AC158005FBE14 /* AppDelegate.swift in Sources */ = {isa = PBXBuildFile; fileRef = F19A9668252AC158005FBE14 /* AppDelegate.swift */; };
		F19A966B252AC158005FBE14 /* SceneDelegate.swift in Sources */ = {isa = PBXBuildFile; fileRef = F19A966A252AC158005FBE14 /* SceneDelegate.swift */; };
		F19A966D252AC158005FBE14 /* ViewController.swift in Sources */ = {isa = PBXBuildFile; fileRef = F19A966C252AC158005FBE14 /* ViewController.swift */; };
		F19A9670252AC158005FBE14 /* Main.storyboard in Resources */ = {isa = PBXBuildFile; fileRef = F19A966E252AC158005FBE14 /* Main.storyboard */; };
		F19A9672252AC159005FBE14 /* Assets.xcassets in Resources */ = {isa = PBXBuildFile; fileRef = F19A9671252AC159005FBE14 /* Assets.xcassets */; };
		F19A9675252AC159005FBE14 /* LaunchScreen.storyboard in Resources */ = {isa = PBXBuildFile; fileRef = F19A9673252AC159005FBE14 /* LaunchScreen.storyboard */; };
		F19A967E252ACBCF005FBE14 /* calculateLetterFrame.swift in Sources */ = {isa = PBXBuildFile; fileRef = F19A967D252ACBCF005FBE14 /* calculateLetterFrame.swift */; };
/* End PBXBuildFile section */

/* Begin PBXFileReference section */
		F19A9665252AC158005FBE14 /* calculateLetterFrame.app */ = {isa = PBXFileReference; explicitFileType = wrapper.application; includeInIndex = 0; path = calculateLetterFrame.app; sourceTree = BUILT_PRODUCTS_DIR; };
		F19A9668252AC158005FBE14 /* AppDelegate.swift */ = {isa = PBXFileReference; lastKnownFileType = sourcecode.swift; path = AppDelegate.swift; sourceTree = "<group>"; };
		F19A966A252AC158005FBE14 /* SceneDelegate.swift */ = {isa = PBXFileReference; lastKnownFileType = sourcecode.swift; path = SceneDelegate.swift; sourceTree = "<group>"; };
		F19A966C252AC158005FBE14 /* ViewController.swift */ = {isa = PBXFileReference; lastKnownFileType = sourcecode.swift; path = ViewController.swift; sourceTree = "<group>"; };
		F19A966F252AC158005FBE14 /* Base */ = {isa = PBXFileReference; lastKnownFileType = file.storyboard; name = Base; path = Base.lproj/Main.storyboard; sourceTree = "<group>"; };
		F19A9671252AC159005FBE14 /* Assets.xcassets */ = {isa = PBXFileReference; lastKnownFileType = folder.assetcatalog; path = Assets.xcassets; sourceTree = "<group>"; };
		F19A9674252AC159005FBE14 /* Base */ = {isa = PBXFileReference; lastKnownFileType = file.storyboard; name = Base; path = Base.lproj/LaunchScreen.storyboard; sourceTree = "<group>"; };
		F19A9676252AC159005FBE14 /* Info.plist */ = {isa = PBXFileReference; lastKnownFileType = text.plist.xml; path = Info.plist; sourceTree = "<group>"; };
		F19A967D252ACBCF005FBE14 /* calculateLetterFrame.swift */ = {isa = PBXFileReference; lastKnownFileType = sourcecode.swift; path = calculateLetterFrame.swift; sourceTree = "<group>"; };
/* End PBXFileReference section */

/* Begin PBXFrameworksBuildPhase section */
		F19A9662252AC158005FBE14 /* Frameworks */ = {
			isa = PBXFrameworksBuildPhase;
			buildActionMask = 2147483647;
			files = (
			);
			runOnlyForDeploymentPostprocessing = 0;
		};
/* End PBXFrameworksBuildPhase section */

/* Begin PBXGroup section */
		F19A965C252AC158005FBE14 = {
			isa = PBXGroup;
			children = (
				F19A9667252AC158005FBE14 /* calculateLetterFrame */,
				F19A9666252AC158005FBE14 /* Products */,
			);
			sourceTree = "<group>";
		};
		F19A9666252AC158005FBE14 /* Products */ = {
			isa = PBXGroup;
			children = (
				F19A9665252AC158005FBE14 /* calculateLetterFrame.app */,
			);
			name = Products;
			sourceTree = "<group>";
		};
		F19A9667252AC158005FBE14 /* calculateLetterFrame */ = {
			isa = PBXGroup;
			children = (
				F19A9668252AC158005FBE14 /* AppDelegate.swift */,
				F19A966A252AC158005FBE14 /* SceneDelegate.swift */,
				F19A966C252AC158005FBE14 /* ViewController.swift */,
				F19A967D252ACBCF005FBE14 /* calculateLetterFrame.swift */,
				F19A966E252AC158005FBE14 /* Main.storyboard */,
				F19A9671252AC159005FBE14 /* Assets.xcassets */,
				F19A9673252AC159005FBE14 /* LaunchScreen.storyboard */,
				F19A9676252AC159005FBE14 /* Info.plist */,
			);
			path = calculateLetterFrame;
			sourceTree = "<group>";
		};
/* End PBXGroup section */

/* Begin PBXNativeTarget section */
		F19A9664252AC158005FBE14 /* calculateLetterFrame */ = {
			isa = PBXNativeTarget;
			buildConfigurationList = F19A9679252AC159005FBE14 /* Build configuration list for PBXNativeTarget "calculateLetterFrame" */;
			buildPhases = (
				F19A9661252AC158005FBE14 /* Sources */,
				F19A9662252AC158005FBE14 /* Frameworks */,
				F19A9663252AC158005FBE14 /* Resources */,
			);
			buildRules = (
			);
			dependencies = (
			);
			name = calculateLetterFrame;
			productName = calculateLetterFrame;
			productReference = F19A9665252AC158005FBE14 /* calculateLetterFrame.app */;
			productType = "com.apple.product-type.application";
		};
/* End PBXNativeTarget section */

/* Begin PBXProject section */
		F19A965D252AC158005FBE14 /* Project object */ = {
			isa = PBXProject;
			attributes = {
				LastSwiftUpdateCheck = 1200;
				LastUpgradeCheck = 1200;
				TargetAttributes = {
					F19A9664252AC158005FBE14 = {
						CreatedOnToolsVersion = 12.0.1;
					};
				};
			};
			buildConfigurationList = F19A9660252AC158005FBE14 /* Build configuration list for PBXProject "calculateLetterFrame" */;
			compatibilityVersion = "Xcode 9.3";
			developmentRegion = en;
			hasScannedForEncodings = 0;
			knownRegions = (
				en,
				Base,
			);
			mainGroup = F19A965C252AC158005FBE14;
			productRefGroup = F19A9666252AC158005FBE14 /* Products */;
			projectDirPath = "";
			projectRoot = "";
			targets = (
				F19A9664252AC158005FBE14 /* calculateLetterFrame */,
			);
		};
/* End PBXProject section */

/* Begin PBXResourcesBuildPhase section */
		F19A9663252AC158005FBE14 /* Resources */ = {
			isa = PBXResourcesBuildPhase;
			buildActionMask = 2147483647;
			files = (
				F19A9675252AC159005FBE14 /* LaunchScreen.storyboard in Resources */,
				F19A9672252AC159005FBE14 /* Assets.xcassets in Resources */,
				F19A9670252AC158005FBE14 /* Main.storyboard in Resources */,
			);
			runOnlyForDeploymentPostprocessing = 0;
		};
/* End PBXResourcesBuildPhase section */

/* Begin PBXSourcesBuildPhase section */
		F19A9661252AC158005FBE14 /* Sources */ = {
			isa = PBXSourcesBuildPhase;
			buildActionMask = 2147483647;
			files = (
				F19A966D252AC158005FBE14 /* ViewController.swift in Sources */,
				F19A9669252AC158005FBE14 /* AppDelegate.swift in Sources */,
				F19A967E252ACBCF005FBE14 /* calculateLetterFrame.swift in Sources */,
				F19A966B252AC158005FBE14 /* SceneDelegate.swift in Sources */,
			);
			runOnlyForDeploymentPostprocessing = 0;
		};
/* End PBXSourcesBuildPhase section */

/* Begin PBXVariantGroup section */
		F19A966E252AC158005FBE14 /* Main.storyboard */ = {
			isa = PBXVariantGroup;
			children = (
				F19A966F252AC158005FBE14 /* Base */,
			);
			name = Main.storyboard;
			sourceTree = "<group>";
		};
		F19A9673252AC159005FBE14 /* LaunchScreen.storyboard */ = {
			isa = PBXVariantGroup;
			children = (
				F19A9674252AC159005FBE14 /* Base */,
			);
			name = LaunchScreen.storyboard;
			sourceTree = "<group>";
		};
/* End PBXVariantGroup section */

/* Begin XCBuildConfiguration section */
		F19A9677252AC159005FBE14 /* Debug */ = {
			isa = XCBuildConfiguration;
			buildSettings = {
				ALWAYS_SEARCH_USER_PATHS = NO;
				CLANG_ANALYZER_NONNULL = YES;
				CLANG_ANALYZER_NUMBER_OBJECT_CONVERSION = YES_AGGRESSIVE;
				CLANG_CXX_LANGUAGE_STANDARD = "gnu++14";
				CLANG_CXX_LIBRARY = "libc++";
				CLANG_ENABLE_MODULES = YES;
				CLANG_ENABLE_OBJC_ARC = YES;
				CLANG_ENABLE_OBJC_WEAK = YES;
				CLANG_WARN_BLOCK_CAPTURE_AUTORELEASING = YES;
				CLANG_WARN_BOOL_CONVERSION = YES;
				CLANG_WARN_COMMA = YES;
				CLANG_WARN_CONSTANT_CONVERSION = YES;
				CLANG_WARN_DEPRECATED_OBJC_IMPLEMENTATIONS = YES;
				CLANG_WARN_DIRECT_OBJC_ISA_USAGE = YES_ERROR;
				CLANG_WARN_DOCUMENTATION_COMMENTS = YES;
				CLANG_WARN_EMPTY_BODY = YES;
				CLANG_WARN_ENUM_CONVERSION = YES;
				CLANG_WARN_INFINITE_RECURSION = YES;
				CLANG_WARN_INT_CONVERSION = YES;
				CLANG_WARN_NON_LITERAL_NULL_CONVERSION = YES;
				CLANG_WARN_OBJC_IMPLICIT_RETAIN_SELF = YES;
				CLANG_WARN_OBJC_LITERAL_CONVERSION = YES;
				CLANG_WARN_OBJC_ROOT_CLASS = YES_ERROR;
				CLANG_WARN_QUOTED_INCLUDE_IN_FRAMEWORK_HEADER = YES;
				CLANG_WARN_RANGE_LOOP_ANALYSIS = YES;
				CLANG_WARN_STRICT_PROTOTYPES = YES;
				CLANG_WARN_SUSPICIOUS_MOVE = YES;
				CLANG_WARN_UNGUARDED_AVAILABILITY = YES_AGGRESSIVE;
				CLANG_WARN_UNREACHABLE_CODE = YES;
				CLANG_WARN__DUPLICATE_METHOD_MATCH = YES;
				COPY_PHASE_STRIP = NO;
				DEBUG_INFORMATION_FORMAT = dwarf;
				ENABLE_STRICT_OBJC_MSGSEND = YES;
				ENABLE_TESTABILITY = YES;
				GCC_C_LANGUAGE_STANDARD = gnu11;
				GCC_DYNAMIC_NO_PIC = NO;
				GCC_NO_COMMON_BLOCKS = YES;
				GCC_OPTIMIZATION_LEVEL = 0;
				GCC_PREPROCESSOR_DEFINITIONS = (
					"DEBUG=1",
					"$(inherited)",
				);
				GCC_WARN_64_TO_32_BIT_CONVERSION = YES;
				GCC_WARN_ABOUT_RETURN_TYPE = YES_ERROR;
				GCC_WARN_UNDECLARED_SELECTOR = YES;
				GCC_WARN_UNINITIALIZED_AUTOS = YES_AGGRESSIVE;
				GCC_WARN_UNUSED_FUNCTION = YES;
				GCC_WARN_UNUSED_VARIABLE = YES;
				IPHONEOS_DEPLOYMENT_TARGET = 14.0;
				MTL_ENABLE_DEBUG_INFO = INCLUDE_SOURCE;
				MTL_FAST_MATH = YES;
				ONLY_ACTIVE_ARCH = YES;
				SDKROOT = iphoneos;
				SWIFT_ACTIVE_COMPILATION_CONDITIONS = DEBUG;
				SWIFT_OPTIMIZATION_LEVEL = "-Onone";
			};
			name = Debug;
		};
		F19A9678252AC159005FBE14 /* Release */ = {
			isa = XCBuildConfiguration;
			buildSettings = {
				ALWAYS_SEARCH_USER_PATHS = NO;
				CLANG_ANALYZER_NONNULL = YES;
				CLANG_ANALYZER_NUMBER_OBJECT_CONVERSION = YES_AGGRESSIVE;
				CLANG_CXX_LANGUAGE_STANDARD = "gnu++14";
				CLANG_CXX_LIBRARY = "libc++";
				CLANG_ENABLE_MODULES = YES;
				CLANG_ENABLE_OBJC_ARC = YES;
				CLANG_ENABLE_OBJC_WEAK = YES;
				CLANG_WARN_BLOCK_CAPTURE_AUTORELEASING = YES;
				CLANG_WARN_BOOL_CONVERSION = YES;
				CLANG_WARN_COMMA = YES;
				CLANG_WARN_CONSTANT_CONVERSION = YES;
				CLANG_WARN_DEPRECATED_OBJC_IMPLEMENTATIONS = YES;
				CLANG_WARN_DIRECT_OBJC_ISA_USAGE = YES_ERROR;
				CLANG_WARN_DOCUMENTATION_COMMENTS = YES;
				CLANG_WARN_EMPTY_BODY = YES;
				CLANG_WARN_ENUM_CONVERSION = YES;
				CLANG_WARN_INFINITE_RECURSION = YES;
				CLANG_WARN_INT_CONVERSION = YES;
				CLANG_WARN_NON_LITERAL_NULL_CONVERSION = YES;
				CLANG_WARN_OBJC_IMPLICIT_RETAIN_SELF = YES;
				CLANG_WARN_OBJC_LITERAL_CONVERSION = YES;
				CLANG_WARN_OBJC_ROOT_CLASS = YES_ERROR;
				CLANG_WARN_QUOTED_INCLUDE_IN_FRAMEWORK_HEADER = YES;
				CLANG_WARN_RANGE_LOOP_ANALYSIS = YES;
				CLANG_WARN_STRICT_PROTOTYPES = YES;
				CLANG_WARN_SUSPICIOUS_MOVE = YES;
				CLANG_WARN_UNGUARDED_AVAILABILITY = YES_AGGRESSIVE;
				CLANG_WARN_UNREACHABLE_CODE = YES;
				CLANG_WARN__DUPLICATE_METHOD_MATCH = YES;
				COPY_PHASE_STRIP = NO;
				DEBUG_INFORMATION_FORMAT = "dwarf-with-dsym";
				ENABLE_NS_ASSERTIONS = NO;
				ENABLE_STRICT_OBJC_MSGSEND = YES;
				GCC_C_LANGUAGE_STANDARD = gnu11;
				GCC_NO_COMMON_BLOCKS = YES;
				GCC_WARN_64_TO_32_BIT_CONVERSION = YES;
				GCC_WARN_ABOUT_RETURN_TYPE = YES_ERROR;
				GCC_WARN_UNDECLARED_SELECTOR = YES;
				GCC_WARN_UNINITIALIZED_AUTOS = YES_AGGRESSIVE;
				GCC_WARN_UNUSED_FUNCTION = YES;
				GCC_WARN_UNUSED_VARIABLE = YES;
				IPHONEOS_DEPLOYMENT_TARGET = 14.0;
				MTL_ENABLE_DEBUG_INFO = NO;
				MTL_FAST_MATH = YES;
				SDKROOT = iphoneos;
				SWIFT_COMPILATION_MODE = wholemodule;
				SWIFT_OPTIMIZATION_LEVEL = "-O";
				VALIDATE_PRODUCT = YES;
			};
			name = Release;
		};
		F19A967A252AC159005FBE14 /* Debug */ = {
			isa = XCBuildConfiguration;
			buildSettings = {
				ASSETCATALOG_COMPILER_APPICON_NAME = AppIcon;
				ASSETCATALOG_COMPILER_GLOBAL_ACCENT_COLOR_NAME = AccentColor;
				CODE_SIGN_STYLE = Automatic;
				DEVELOPMENT_TEAM = 48AB56XR7Q;
				INFOPLIST_FILE = calculateLetterFrame/Info.plist;
				LD_RUNPATH_SEARCH_PATHS = (
					"$(inherited)",
					"@executable_path/Frameworks",
				);
				PRODUCT_BUNDLE_IDENTIFIER = chrislattner.calculateLetterFrame;
				PRODUCT_NAME = "$(TARGET_NAME)";
				SWIFT_VERSION = 5.0;
				TARGETED_DEVICE_FAMILY = "1,2";
			};
			name = Debug;
		};
		F19A967B252AC159005FBE14 /* Release */ = {
			isa = XCBuildConfiguration;
			buildSettings = {
				ASSETCATALOG_COMPILER_APPICON_NAME = AppIcon;
				ASSETCATALOG_COMPILER_GLOBAL_ACCENT_COLOR_NAME = AccentColor;
				CODE_SIGN_STYLE = Automatic;
				DEVELOPMENT_TEAM = 48AB56XR7Q;
				INFOPLIST_FILE = calculateLetterFrame/Info.plist;
				LD_RUNPATH_SEARCH_PATHS = (
					"$(inherited)",
					"@executable_path/Frameworks",
				);
				PRODUCT_BUNDLE_IDENTIFIER = chrislattner.calculateLetterFrame;
				PRODUCT_NAME = "$(TARGET_NAME)";
				SWIFT_VERSION = 5.0;
				TARGETED_DEVICE_FAMILY = "1,2";
			};
			name = Release;
		};
/* End XCBuildConfiguration section */

/* Begin XCConfigurationList section */
		F19A9660252AC158005FBE14 /* Build configuration list for PBXProject "calculateLetterFrame" */ = {
			isa = XCConfigurationList;
			buildConfigurations = (
				F19A9677252AC159005FBE14 /* Debug */,
				F19A9678252AC159005FBE14 /* Release */,
			);
			defaultConfigurationIsVisible = 0;
			defaultConfigurationName = Release;
		};
		F19A9679252AC159005FBE14 /* Build configuration list for PBXNativeTarget "calculateLetterFrame" */ = {
			isa = XCConfigurationList;
			buildConfigurations = (
				F19A967A252AC159005FBE14 /* Debug */,
				F19A967B252AC159005FBE14 /* Release */,
			);
			defaultConfigurationIsVisible = 0;
			defaultConfigurationName = Release;
		};
/* End XCConfigurationList section */
	};
	rootObject = F19A965D252AC158005FBE14 /* Project object */;
}
